// !$*UTF8*$!
{
	archiveVersion = 1;
	classes = {
	};
	objectVersion = 77;
	objects = {

/* Begin PBXContainerItemProxy section */
		C3FC76DD2F2EB190000292ED /* PBXContainerItemProxy */ = {
			isa = PBXContainerItemProxy;
			containerPortal = C3FC76C72F2EB18E000292ED /* Project object */;
			proxyType = 1;
			remoteGlobalIDString = C3FC76CE2F2EB18E000292ED;
			remoteInfo = MCPControl;
		};
		C3FC76E72F2EB190000292ED /* PBXContainerItemProxy */ = {
			isa = PBXContainerItemProxy;
			containerPortal = C3FC76C72F2EB18E000292ED /* Project object */;
			proxyType = 1;
			remoteGlobalIDString = C3FC76CE2F2EB18E000292ED;
			remoteInfo = MCPControl;
		};
/* End PBXContainerItemProxy section */

/* Begin PBXFileReference section */
		C3FC76CF2F2EB18E000292ED /* MCPControl.app */ = {isa = PBXFileReference; explicitFileType = wrapper.application; includeInIndex = 0; path = MCPControl.app; sourceTree = BUILT_PRODUCTS_DIR; };
		C3FC76DC2F2EB190000292ED /* MCPControlTests.xctest */ = {isa = PBXFileReference; explicitFileType = wrapper.cfbundle; includeInIndex = 0; name = MCPControlTests.xctest; path = MCPControl.xctest; sourceTree = BUILT_PRODUCTS_DIR; };
		C3FC76E62F2EB190000292ED /* MCPControlUITests.xctest */ = {isa = PBXFileReference; explicitFileType = wrapper.cfbundle; includeInIndex = 0; name = MCPControlUITests.xctest; path = MCPControl.xctest; sourceTree = BUILT_PRODUCTS_DIR; };
/* End PBXFileReference section */

/* Begin PBXFileSystemSynchronizedRootGroup section */
		C3FC76D12F2EB18E000292ED /* MCPControl */ = {
			isa = PBXFileSystemSynchronizedRootGroup;
			path = MCPControl;
			sourceTree = "<group>";
		};
		C3FC76DF2F2EB190000292ED /* MCPControlTests */ = {
			isa = PBXFileSystemSynchronizedRootGroup;
			path = MCPControlTests;
			sourceTree = "<group>";
		};
		C3FC76E92F2EB190000292ED /* MCPControlUITests */ = {
			isa = PBXFileSystemSynchronizedRootGroup;
			path = MCPControlUITests;
			sourceTree = "<group>";
		};
/* End PBXFileSystemSynchronizedRootGroup section */

/* Begin PBXFrameworksBuildPhase section */
		C3FC76CC2F2EB18E000292ED /* Frameworks */ = {
			isa = PBXFrameworksBuildPhase;
			buildActionMask = 2147483647;
			files = (
			);
			runOnlyForDeploymentPostprocessing = 0;
		};
		C3FC76D92F2EB190000292ED /* Frameworks */ = {
			isa = PBXFrameworksBuildPhase;
			buildActionMask = 2147483647;
			files = (
			);
			runOnlyForDeploymentPostprocessing = 0;
		};
		C3FC76E32F2EB190000292ED /* Frameworks */ = {
			isa = PBXFrameworksBuildPhase;
			buildActionMask = 2147483647;
			files = (
			);
			runOnlyForDeploymentPostprocessing = 0;
		};
/* End PBXFrameworksBuildPhase section */

/* Begin PBXGroup section */
		C3FC76C62F2EB18E000292ED = {
			isa = PBXGroup;
			children = (
				C3FC76D12F2EB18E000292ED /* MCPControl */,
				C3FC76DF2F2EB190000292ED /* MCPControlTests */,
				C3FC76E92F2EB190000292ED /* MCPControlUITests */,
				C3FC76D02F2EB18E000292ED /* Products */,
			);
			sourceTree = "<group>";
		};
		C3FC76D02F2EB18E000292ED /* Products */ = {
			isa = PBXGroup;
			children = (
				C3FC76CF2F2EB18E000292ED /* MCPControl.app */,
				C3FC76DC2F2EB190000292ED /* MCPControlTests.xctest */,
				C3FC76E62F2EB190000292ED /* MCPControlUITests.xctest */,
			);
			name = Products;
			sourceTree = "<group>";
		};
/* End PBXGroup section */

/* Begin PBXNativeTarget section */
		C3FC76CE2F2EB18E000292ED /* MCPControl */ = {
			isa = PBXNativeTarget;
			buildConfigurationList = C3FC76F02F2EB190000292ED /* Build configuration list for PBXNativeTarget "MCPControl" */;
			buildPhases = (
				C3FC76CB2F2EB18E000292ED /* Sources */,
				C3FC76CC2F2EB18E000292ED /* Frameworks */,
				C3FC76CD2F2EB18E000292ED /* Resources */,
			);
			buildRules = (
			);
			dependencies = (
			);
			fileSystemSynchronizedGroups = (
				C3FC76D12F2EB18E000292ED /* MCPControl */,
			);
			name = MCPControl;
			packageProductDependencies = (
			);
			productName = MCPControl;
			productReference = C3FC76CF2F2EB18E000292ED /* MCPControl.app */;
			productType = "com.apple.product-type.application";
		};
		C3FC76DB2F2EB190000292ED /* MCPControlTests */ = {
			isa = PBXNativeTarget;
			buildConfigurationList = C3FC76F32F2EB190000292ED /* Build configuration list for PBXNativeTarget "MCPControlTests" */;
			buildPhases = (
				C3FC76D82F2EB190000292ED /* Sources */,
				C3FC76D92F2EB190000292ED /* Frameworks */,
				C3FC76DA2F2EB190000292ED /* Resources */,
			);
			buildRules = (
			);
			dependencies = (
				C3FC76DE2F2EB190000292ED /* PBXTargetDependency */,
			);
			fileSystemSynchronizedGroups = (
				C3FC76DF2F2EB190000292ED /* MCPControlTests */,
			);
			name = MCPControlTests;
			packageProductDependencies = (
			);
			productName = MCPControlTests;
			productReference = C3FC76DC2F2EB190000292ED /* MCPControlTests.xctest */;
			productType = "com.apple.product-type.bundle.unit-test";
		};
		C3FC76E52F2EB190000292ED /* MCPControlUITests */ = {
			isa = PBXNativeTarget;
			buildConfigurationList = C3FC76F62F2EB190000292ED /* Build configuration list for PBXNativeTarget "MCPControlUITests" */;
			buildPhases = (
				C3FC76E22F2EB190000292ED /* Sources */,
				C3FC76E32F2EB190000292ED /* Frameworks */,
				C3FC76E42F2EB190000292ED /* Resources */,
			);
			buildRules = (
			);
			dependencies = (
				C3FC76E82F2EB190000292ED /* PBXTargetDependency */,
			);
			fileSystemSynchronizedGroups = (
				C3FC76E92F2EB190000292ED /* MCPControlUITests */,
			);
			name = MCPControlUITests;
			packageProductDependencies = (
			);
			productName = MCPControlUITests;
			productReference = C3FC76E62F2EB190000292ED /* MCPControlUITests.xctest */;
			productType = "com.apple.product-type.bundle.ui-testing";
		};
/* End PBXNativeTarget section */

/* Begin PBXProject section */
		C3FC76C72F2EB18E000292ED /* Project object */ = {
			isa = PBXProject;
			attributes = {
				BuildIndependentTargetsInParallel = 1;
				LastSwiftUpdateCheck = 2620;
				LastUpgradeCheck = 2620;
				TargetAttributes = {
					C3FC76CE2F2EB18E000292ED = {
						CreatedOnToolsVersion = 26.2;
					};
					C3FC76DB2F2EB190000292ED = {
						CreatedOnToolsVersion = 26.2;
						TestTargetID = C3FC76CE2F2EB18E000292ED;
					};
					C3FC76E52F2EB190000292ED = {
						CreatedOnToolsVersion = 26.2;
						TestTargetID = C3FC76CE2F2EB18E000292ED;
					};
				};
			};
			buildConfigurationList = C3FC76CA2F2EB18E000292ED /* Build configuration list for PBXProject "MCPControl" */;
			developmentRegion = en;
			hasScannedForEncodings = 0;
			knownRegions = (
				en,
				Base,
			);
			mainGroup = C3FC76C62F2EB18E000292ED;
			minimizedProjectReferenceProxies = 1;
			preferredProjectObjectVersion = 77;
			productRefGroup = C3FC76D02F2EB18E000292ED /* Products */;
			projectDirPath = "";
			projectRoot = "";
			targets = (
				C3FC76CE2F2EB18E000292ED /* MCPControl */,
				C3FC76DB2F2EB190000292ED /* MCPControlTests */,
				C3FC76E52F2EB190000292ED /* MCPControlUITests */,
			);
		};
/* End PBXProject section */

/* Begin PBXResourcesBuildPhase section */
		C3FC76CD2F2EB18E000292ED /* Resources */ = {
			isa = PBXResourcesBuildPhase;
			buildActionMask = 2147483647;
			files = (
			);
			runOnlyForDeploymentPostprocessing = 0;
		};
		C3FC76DA2F2EB190000292ED /* Resources */ = {
			isa = PBXResourcesBuildPhase;
			buildActionMask = 2147483647;
			files = (
			);
			runOnlyForDeploymentPostprocessing = 0;
		};
		C3FC76E42F2EB190000292ED /* Resources */ = {
			isa = PBXResourcesBuildPhase;
			buildActionMask = 2147483647;
			files = (
			);
			runOnlyForDeploymentPostprocessing = 0;
		};
/* End PBXResourcesBuildPhase section */

/* Begin PBXSourcesBuildPhase section */
		C3FC76CB2F2EB18E000292ED /* Sources */ = {
			isa = PBXSourcesBuildPhase;
			buildActionMask = 2147483647;
			files = (
			);
			runOnlyForDeploymentPostprocessing = 0;
		};
		C3FC76D82F2EB190000292ED /* Sources */ = {
			isa = PBXSourcesBuildPhase;
			buildActionMask = 2147483647;
			files = (
			);
			runOnlyForDeploymentPostprocessing = 0;
		};
		C3FC76E22F2EB190000292ED /* Sources */ = {
			isa = PBXSourcesBuildPhase;
			buildActionMask = 2147483647;
			files = (
			);
			runOnlyForDeploymentPostprocessing = 0;
		};
/* End PBXSourcesBuildPhase section */

/* Begin PBXTargetDependency section */
		C3FC76DE2F2EB190000292ED /* PBXTargetDependency */ = {
			isa = PBXTargetDependency;
			target = C3FC76CE2F2EB18E000292ED /* MCPControl */;
			targetProxy = C3FC76DD2F2EB190000292ED /* PBXContainerItemProxy */;
		};
		C3FC76E82F2EB190000292ED /* PBXTargetDependency */ = {
			isa = PBXTargetDependency;
			target = C3FC76CE2F2EB18E000292ED /* MCPControl */;
			targetProxy = C3FC76E72F2EB190000292ED /* PBXContainerItemProxy */;
		};
/* End PBXTargetDependency section */

/* Begin XCBuildConfiguration section */
		C3FC76EE2F2EB190000292ED /* Debug */ = {
			isa = XCBuildConfiguration;
			buildSettings = {
				ALWAYS_SEARCH_USER_PATHS = NO;
				ASSETCATALOG_COMPILER_GENERATE_SWIFT_ASSET_SYMBOL_EXTENSIONS = YES;
				CLANG_ANALYZER_NONNULL = YES;
				CLANG_ANALYZER_NUMBER_OBJECT_CONVERSION = YES_AGGRESSIVE;
				CLANG_CXX_LANGUAGE_STANDARD = "gnu++20";
				CLANG_ENABLE_MODULES = YES;
				CLANG_ENABLE_OBJC_ARC = YES;
				CLANG_ENABLE_OBJC_WEAK = YES;
				CLANG_WARN_BLOCK_CAPTURE_AUTORELEASING = YES;
				CLANG_WARN_BOOL_CONVERSION = YES;
				CLANG_WARN_COMMA = YES;
				CLANG_WARN_CONSTANT_CONVERSION = YES;
				CLANG_WARN_DEPRECATED_OBJC_IMPLEMENTATIONS = YES;
				CLANG_WARN_DIRECT_OBJC_ISA_USAGE = YES_ERROR;
				CLANG_WARN_DOCUMENTATION_COMMENTS = YES;
				CLANG_WARN_EMPTY_BODY = YES;
				CLANG_WARN_ENUM_CONVERSION = YES;
				CLANG_WARN_INFINITE_RECURSION = YES;
				CLANG_WARN_INT_CONVERSION = YES;
				CLANG_WARN_NON_LITERAL_NULL_CONVERSION = YES;
				CLANG_WARN_OBJC_IMPLICIT_RETAIN_SELF = YES;
				CLANG_WARN_OBJC_LITERAL_CONVERSION = YES;
				CLANG_WARN_OBJC_ROOT_CLASS = YES_ERROR;
				CLANG_WARN_QUOTED_INCLUDE_IN_FRAMEWORK_HEADER = YES;
				CLANG_WARN_RANGE_LOOP_ANALYSIS = YES;
				CLANG_WARN_STRICT_PROTOTYPES = YES;
				CLANG_WARN_SUSPICIOUS_MOVE = YES;
				CLANG_WARN_UNGUARDED_AVAILABILITY = YES_AGGRESSIVE;
				CLANG_WARN_UNREACHABLE_CODE = YES;
				CLANG_WARN__DUPLICATE_METHOD_MATCH = YES;
				COPY_PHASE_STRIP = NO;
				DEBUG_INFORMATION_FORMAT = dwarf;
				ENABLE_STRICT_OBJC_MSGSEND = YES;
				ENABLE_TESTABILITY = YES;
				ENABLE_USER_SCRIPT_SANDBOXING = YES;
				GCC_C_LANGUAGE_STANDARD = gnu17;
				GCC_DYNAMIC_NO_PIC = NO;
				GCC_NO_COMMON_BLOCKS = YES;
				GCC_OPTIMIZATION_LEVEL = 0;
				GCC_PREPROCESSOR_DEFINITIONS = (
					"DEBUG=1",
					"$(inherited)",
				);
				GCC_WARN_64_TO_32_BIT_CONVERSION = YES;
				GCC_WARN_ABOUT_RETURN_TYPE = YES_ERROR;
				GCC_WARN_UNDECLARED_SELECTOR = YES;
				GCC_WARN_UNINITIALIZED_AUTOS = YES_AGGRESSIVE;
				GCC_WARN_UNUSED_FUNCTION = YES;
				GCC_WARN_UNUSED_VARIABLE = YES;
				LOCALIZATION_PREFERS_STRING_CATALOGS = YES;
				MACOSX_DEPLOYMENT_TARGET = 15.7;
				MTL_ENABLE_DEBUG_INFO = INCLUDE_SOURCE;
				MTL_FAST_MATH = YES;
				ONLY_ACTIVE_ARCH = YES;
				SDKROOT = macosx;
				SWIFT_ACTIVE_COMPILATION_CONDITIONS = "DEBUG $(inherited)";
				SWIFT_OPTIMIZATION_LEVEL = "-Onone";
			};
			name = Debug;
		};
		C3FC76EF2F2EB190000292ED /* Release */ = {
			isa = XCBuildConfiguration;
			buildSettings = {
				ALWAYS_SEARCH_USER_PATHS = NO;
				ASSETCATALOG_COMPILER_GENERATE_SWIFT_ASSET_SYMBOL_EXTENSIONS = YES;
				CLANG_ANALYZER_NONNULL = YES;
				CLANG_ANALYZER_NUMBER_OBJECT_CONVERSION = YES_AGGRESSIVE;
				CLANG_CXX_LANGUAGE_STANDARD = "gnu++20";
				CLANG_ENABLE_MODULES = YES;
				CLANG_ENABLE_OBJC_ARC = YES;
				CLANG_ENABLE_OBJC_WEAK = YES;
				CLANG_WARN_BLOCK_CAPTURE_AUTORELEASING = YES;
				CLANG_WARN_BOOL_CONVERSION = YES;
				CLANG_WARN_COMMA = YES;
				CLANG_WARN_CONSTANT_CONVERSION = YES;
				CLANG_WARN_DEPRECATED_OBJC_IMPLEMENTATIONS = YES;
				CLANG_WARN_DIRECT_OBJC_ISA_USAGE = YES_ERROR;
				CLANG_WARN_DOCUMENTATION_COMMENTS = YES;
				CLANG_WARN_EMPTY_BODY = YES;
				CLANG_WARN_ENUM_CONVERSION = YES;
				CLANG_WARN_INFINITE_RECURSION = YES;
				CLANG_WARN_INT_CONVERSION = YES;
				CLANG_WARN_NON_LITERAL_NULL_CONVERSION = YES;
				CLANG_WARN_OBJC_IMPLICIT_RETAIN_SELF = YES;
				CLANG_WARN_OBJC_LITERAL_CONVERSION = YES;
				CLANG_WARN_OBJC_ROOT_CLASS = YES_ERROR;
				CLANG_WARN_QUOTED_INCLUDE_IN_FRAMEWORK_HEADER = YES;
				CLANG_WARN_RANGE_LOOP_ANALYSIS = YES;
				CLANG_WARN_STRICT_PROTOTYPES = YES;
				CLANG_WARN_SUSPICIOUS_MOVE = YES;
				CLANG_WARN_UNGUARDED_AVAILABILITY = YES_AGGRESSIVE;
				CLANG_WARN_UNREACHABLE_CODE = YES;
				CLANG_WARN__DUPLICATE_METHOD_MATCH = YES;
				COPY_PHASE_STRIP = NO;
				DEBUG_INFORMATION_FORMAT = "dwarf-with-dsym";
				ENABLE_NS_ASSERTIONS = NO;
				ENABLE_STRICT_OBJC_MSGSEND = YES;
				ENABLE_USER_SCRIPT_SANDBOXING = YES;
				GCC_C_LANGUAGE_STANDARD = gnu17;
				GCC_NO_COMMON_BLOCKS = YES;
				GCC_WARN_64_TO_32_BIT_CONVERSION = YES;
				GCC_WARN_ABOUT_RETURN_TYPE = YES_ERROR;
				GCC_WARN_UNDECLARED_SELECTOR = YES;
				GCC_WARN_UNINITIALIZED_AUTOS = YES_AGGRESSIVE;
				GCC_WARN_UNUSED_FUNCTION = YES;
				GCC_WARN_UNUSED_VARIABLE = YES;
				LOCALIZATION_PREFERS_STRING_CATALOGS = YES;
				MACOSX_DEPLOYMENT_TARGET = 15.7;
				MTL_ENABLE_DEBUG_INFO = NO;
				MTL_FAST_MATH = YES;
				SDKROOT = macosx;
				SWIFT_COMPILATION_MODE = wholemodule;
			};
			name = Release;
		};
		C3FC76F12F2EB190000292ED /* Debug */ = {
			isa = XCBuildConfiguration;
			buildSettings = {
				ASSETCATALOG_COMPILER_APPICON_NAME = AppIcon;
				ASSETCATALOG_COMPILER_GLOBAL_ACCENT_COLOR_NAME = AccentColor;
				CODE_SIGN_STYLE = Automatic;
				COMBINE_HIDPI_IMAGES = YES;
				CURRENT_PROJECT_VERSION = 1;
				DEVELOPMENT_TEAM = 66XV9986TW;
				ENABLE_APP_SANDBOX = NO;
				ENABLE_PREVIEWS = YES;
				GENERATE_INFOPLIST_FILE = YES;
				INFOPLIST_KEY_CFBundleDisplayName = "MCP Contxt";
				INFOPLIST_KEY_LSUIElement = YES;
				INFOPLIST_KEY_NSHumanReadableCopyright = "";
				LD_RUNPATH_SEARCH_PATHS = (
					"$(inherited)",
					"@executable_path/../Frameworks",
				);
				MARKETING_VERSION = 1.0;
				PRODUCT_BUNDLE_IDENTIFIER = com.carlweis.MCPControl;
				PRODUCT_NAME = "MCP Contxt";
				REGISTER_APP_GROUPS = YES;
				STRING_CATALOG_GENERATE_SYMBOLS = YES;
				SWIFT_APPROACHABLE_CONCURRENCY = YES;
				SWIFT_DEFAULT_ACTOR_ISOLATION = MainActor;
				SWIFT_EMIT_LOC_STRINGS = YES;
				SWIFT_UPCOMING_FEATURE_MEMBER_IMPORT_VISIBILITY = YES;
				SWIFT_VERSION = 5.0;
			};
			name = Debug;
		};
		C3FC76F22F2EB190000292ED /* Release */ = {
			isa = XCBuildConfiguration;
			buildSettings = {
				ASSETCATALOG_COMPILER_APPICON_NAME = AppIcon;
				ASSETCATALOG_COMPILER_GLOBAL_ACCENT_COLOR_NAME = AccentColor;
				"CODE_SIGN_IDENTITY[sdk=macosx*]" = "-";
				CODE_SIGN_STYLE = Automatic;
				COMBINE_HIDPI_IMAGES = YES;
				CURRENT_PROJECT_VERSION = 1;
				DEVELOPMENT_TEAM = 66XV9986TW;
				ENABLE_APP_SANDBOX = NO;
				ENABLE_PREVIEWS = YES;
				GENERATE_INFOPLIST_FILE = YES;
				INFOPLIST_KEY_CFBundleDisplayName = "MCP Contxt";
				INFOPLIST_KEY_LSUIElement = YES;
				INFOPLIST_KEY_NSHumanReadableCopyright = "";
				LD_RUNPATH_SEARCH_PATHS = (
					"$(inherited)",
					"@executable_path/../Frameworks",
				);
				MARKETING_VERSION = 1.0;
				PRODUCT_BUNDLE_IDENTIFIER = com.carlweis.MCPControl;
				PRODUCT_NAME = "MCP Contxt";
				REGISTER_APP_GROUPS = YES;
				STRING_CATALOG_GENERATE_SYMBOLS = YES;
				SWIFT_APPROACHABLE_CONCURRENCY = YES;
				SWIFT_DEFAULT_ACTOR_ISOLATION = MainActor;
				SWIFT_EMIT_LOC_STRINGS = YES;
				SWIFT_UPCOMING_FEATURE_MEMBER_IMPORT_VISIBILITY = YES;
				SWIFT_VERSION = 5.0;
			};
			name = Release;
		};
		C3FC76F42F2EB190000292ED /* Debug */ = {
			isa = XCBuildConfiguration;
			buildSettings = {
				BUNDLE_LOADER = "$(TEST_HOST)";
				CODE_SIGN_STYLE = Automatic;
				CURRENT_PROJECT_VERSION = 1;
				GENERATE_INFOPLIST_FILE = YES;
				MACOSX_DEPLOYMENT_TARGET = 15.7;
				MARKETING_VERSION = 1.0;
				PRODUCT_BUNDLE_IDENTIFIER = com.carlweis.MCPControlTests;
				PRODUCT_NAME = "MCP Contxt";
				STRING_CATALOG_GENERATE_SYMBOLS = NO;
				SWIFT_APPROACHABLE_CONCURRENCY = YES;
				SWIFT_EMIT_LOC_STRINGS = NO;
				SWIFT_UPCOMING_FEATURE_MEMBER_IMPORT_VISIBILITY = YES;
				SWIFT_VERSION = 5.0;
				TEST_HOST = "$(BUILT_PRODUCTS_DIR)/MCPControl.app/$(BUNDLE_EXECUTABLE_FOLDER_PATH)/MCPControl";
			};
			name = Debug;
		};
		C3FC76F52F2EB190000292ED /* Release */ = {
			isa = XCBuildConfiguration;
			buildSettings = {
				BUNDLE_LOADER = "$(TEST_HOST)";
				CODE_SIGN_STYLE = Automatic;
				CURRENT_PROJECT_VERSION = 1;
				GENERATE_INFOPLIST_FILE = YES;
				MACOSX_DEPLOYMENT_TARGET = 15.7;
				MARKETING_VERSION = 1.0;
				PRODUCT_BUNDLE_IDENTIFIER = com.carlweis.MCPControlTests;
				PRODUCT_NAME = "MCP Contxt";
				STRING_CATALOG_GENERATE_SYMBOLS = NO;
				SWIFT_APPROACHABLE_CONCURRENCY = YES;
				SWIFT_EMIT_LOC_STRINGS = NO;
				SWIFT_UPCOMING_FEATURE_MEMBER_IMPORT_VISIBILITY = YES;
				SWIFT_VERSION = 5.0;
				TEST_HOST = "$(BUILT_PRODUCTS_DIR)/MCPControl.app/$(BUNDLE_EXECUTABLE_FOLDER_PATH)/MCPControl";
			};
			name = Release;
		};
		C3FC76F72F2EB190000292ED /* Debug */ = {
			isa = XCBuildConfiguration;
			buildSettings = {
				CODE_SIGN_STYLE = Automatic;
				CURRENT_PROJECT_VERSION = 1;
				GENERATE_INFOPLIST_FILE = YES;
				MARKETING_VERSION = 1.0;
				PRODUCT_BUNDLE_IDENTIFIER = com.carlweis.MCPControlUITests;
				PRODUCT_NAME = "MCP Contxt";
				STRING_CATALOG_GENERATE_SYMBOLS = NO;
				SWIFT_APPROACHABLE_CONCURRENCY = YES;
				SWIFT_EMIT_LOC_STRINGS = NO;
				SWIFT_UPCOMING_FEATURE_MEMBER_IMPORT_VISIBILITY = YES;
				SWIFT_VERSION = 5.0;
				TEST_TARGET_NAME = MCPControl;
			};
			name = Debug;
		};
		C3FC76F82F2EB190000292ED /* Release */ = {
			isa = XCBuildConfiguration;
			buildSettings = {
				CODE_SIGN_STYLE = Automatic;
				CURRENT_PROJECT_VERSION = 1;
				GENERATE_INFOPLIST_FILE = YES;
				MARKETING_VERSION = 1.0;
				PRODUCT_BUNDLE_IDENTIFIER = com.carlweis.MCPControlUITests;
				PRODUCT_NAME = "MCP Contxt";
				STRING_CATALOG_GENERATE_SYMBOLS = NO;
				SWIFT_APPROACHABLE_CONCURRENCY = YES;
				SWIFT_EMIT_LOC_STRINGS = NO;
				SWIFT_UPCOMING_FEATURE_MEMBER_IMPORT_VISIBILITY = YES;
				SWIFT_VERSION = 5.0;
				TEST_TARGET_NAME = MCPControl;
			};
			name = Release;
		};
/* End XCBuildConfiguration section */

/* Begin XCConfigurationList section */
		C3FC76CA2F2EB18E000292ED /* Build configuration list for PBXProject "MCPControl" */ = {
			isa = XCConfigurationList;
			buildConfigurations = (
				C3FC76EE2F2EB190000292ED /* Debug */,
				C3FC76EF2F2EB190000292ED /* Release */,
			);
			defaultConfigurationIsVisible = 0;
			defaultConfigurationName = Release;
		};
		C3FC76F02F2EB190000292ED /* Build configuration list for PBXNativeTarget "MCPControl" */ = {
			isa = XCConfigurationList;
			buildConfigurations = (
				C3FC76F12F2EB190000292ED /* Debug */,
				C3FC76F22F2EB190000292ED /* Release */,
			);
			defaultConfigurationIsVisible = 0;
			defaultConfigurationName = Release;
		};
		C3FC76F32F2EB190000292ED /* Build configuration list for PBXNativeTarget "MCPControlTests" */ = {
			isa = XCConfigurationList;
			buildConfigurations = (
				C3FC76F42F2EB190000292ED /* Debug */,
				C3FC76F52F2EB190000292ED /* Release */,
			);
			defaultConfigurationIsVisible = 0;
			defaultConfigurationName = Release;
		};
		C3FC76F62F2EB190000292ED /* Build configuration list for PBXNativeTarget "MCPControlUITests" */ = {
			isa = XCConfigurationList;
			buildConfigurations = (
				C3FC76F72F2EB190000292ED /* Debug */,
				C3FC76F82F2EB190000292ED /* Release */,
			);
			defaultConfigurationIsVisible = 0;
			defaultConfigurationName = Release;
		};
/* End XCConfigurationList section */
	};
	rootObject = C3FC76C72F2EB18E000292ED /* Project object */;
}
